// !$*UTF8*$!
{
	archiveVersion = 1;
	classes = {
	};
	objectVersion = 56;
	objects = {

/* Begin PBXBuildFile section */
		4947B02F297A99F400A85A9C /* Family+CoreDataClass.swift in Sources */ = {isa = PBXBuildFile; fileRef = 4947B02B297A99F400A85A9C /* Family+CoreDataClass.swift */; };
		4947B030297A99F400A85A9C /* Family+CoreDataProperties.swift in Sources */ = {isa = PBXBuildFile; fileRef = 4947B02C297A99F400A85A9C /* Family+CoreDataProperties.swift */; };
		4947B031297A99F400A85A9C /* Person+CoreDataClass.swift in Sources */ = {isa = PBXBuildFile; fileRef = 4947B02D297A99F400A85A9C /* Person+CoreDataClass.swift */; };
		4947B032297A99F400A85A9C /* Person+CoreDataProperties.swift in Sources */ = {isa = PBXBuildFile; fileRef = 4947B02E297A99F400A85A9C /* Person+CoreDataProperties.swift */; };
		49ED959B29770DA800C968F5 /* AppDelegate.swift in Sources */ = {isa = PBXBuildFile; fileRef = 49ED959A29770DA800C968F5 /* AppDelegate.swift */; };
		49ED959D29770DA900C968F5 /* SceneDelegate.swift in Sources */ = {isa = PBXBuildFile; fileRef = 49ED959C29770DA900C968F5 /* SceneDelegate.swift */; };
		49ED95A229770DA900C968F5 /* Main.storyboard in Resources */ = {isa = PBXBuildFile; fileRef = 49ED95A029770DA900C968F5 /* Main.storyboard */; };
		49ED95A529770DA900C968F5 /* CoreDataProject.xcdatamodeld in Sources */ = {isa = PBXBuildFile; fileRef = 49ED95A329770DA900C968F5 /* CoreDataProject.xcdatamodeld */; };
		49ED95A729770DAA00C968F5 /* Assets.xcassets in Resources */ = {isa = PBXBuildFile; fileRef = 49ED95A629770DAA00C968F5 /* Assets.xcassets */; };
		49ED95AA29770DAA00C968F5 /* LaunchScreen.storyboard in Resources */ = {isa = PBXBuildFile; fileRef = 49ED95A829770DAA00C968F5 /* LaunchScreen.storyboard */; };
		49ED95BB29770EE200C968F5 /* ListTableViewCell.swift in Sources */ = {isa = PBXBuildFile; fileRef = 49ED95BA29770EE200C968F5 /* ListTableViewCell.swift */; };
		49ED95BD29770F4400C968F5 /* ListTableViewController.swift in Sources */ = {isa = PBXBuildFile; fileRef = 49ED95BC29770F4400C968F5 /* ListTableViewController.swift */; };
/* End PBXBuildFile section */

/* Begin PBXFileReference section */
		4947B02B297A99F400A85A9C /* Family+CoreDataClass.swift */ = {isa = PBXFileReference; lastKnownFileType = sourcecode.swift; path = "Family+CoreDataClass.swift"; sourceTree = "<group>"; };
		4947B02C297A99F400A85A9C /* Family+CoreDataProperties.swift */ = {isa = PBXFileReference; lastKnownFileType = sourcecode.swift; path = "Family+CoreDataProperties.swift"; sourceTree = "<group>"; };
		4947B02D297A99F400A85A9C /* Person+CoreDataClass.swift */ = {isa = PBXFileReference; lastKnownFileType = sourcecode.swift; path = "Person+CoreDataClass.swift"; sourceTree = "<group>"; };
		4947B02E297A99F400A85A9C /* Person+CoreDataProperties.swift */ = {isa = PBXFileReference; lastKnownFileType = sourcecode.swift; path = "Person+CoreDataProperties.swift"; sourceTree = "<group>"; };
		49ED959729770DA800C968F5 /* CoreDataProject.app */ = {isa = PBXFileReference; explicitFileType = wrapper.application; includeInIndex = 0; path = CoreDataProject.app; sourceTree = BUILT_PRODUCTS_DIR; };
		49ED959A29770DA800C968F5 /* AppDelegate.swift */ = {isa = PBXFileReference; lastKnownFileType = sourcecode.swift; path = AppDelegate.swift; sourceTree = "<group>"; };
		49ED959C29770DA900C968F5 /* SceneDelegate.swift */ = {isa = PBXFileReference; lastKnownFileType = sourcecode.swift; path = SceneDelegate.swift; sourceTree = "<group>"; };
		49ED95A129770DA900C968F5 /* Base */ = {isa = PBXFileReference; lastKnownFileType = file.storyboard; name = Base; path = Base.lproj/Main.storyboard; sourceTree = "<group>"; };
		49ED95A429770DA900C968F5 /* CoreDataProject.xcdatamodel */ = {isa = PBXFileReference; lastKnownFileType = wrapper.xcdatamodel; path = CoreDataProject.xcdatamodel; sourceTree = "<group>"; };
		49ED95A629770DAA00C968F5 /* Assets.xcassets */ = {isa = PBXFileReference; lastKnownFileType = folder.assetcatalog; path = Assets.xcassets; sourceTree = "<group>"; };
		49ED95A929770DAA00C968F5 /* Base */ = {isa = PBXFileReference; lastKnownFileType = file.storyboard; name = Base; path = Base.lproj/LaunchScreen.storyboard; sourceTree = "<group>"; };
		49ED95AB29770DAA00C968F5 /* Info.plist */ = {isa = PBXFileReference; lastKnownFileType = text.plist.xml; path = Info.plist; sourceTree = "<group>"; };
		49ED95BA29770EE200C968F5 /* ListTableViewCell.swift */ = {isa = PBXFileReference; lastKnownFileType = sourcecode.swift; path = ListTableViewCell.swift; sourceTree = "<group>"; };
		49ED95BC29770F4400C968F5 /* ListTableViewController.swift */ = {isa = PBXFileReference; lastKnownFileType = sourcecode.swift; path = ListTableViewController.swift; sourceTree = "<group>"; };
/* End PBXFileReference section */

/* Begin PBXFrameworksBuildPhase section */
		49ED959429770DA800C968F5 /* Frameworks */ = {
			isa = PBXFrameworksBuildPhase;
			buildActionMask = 2147483647;
			files = (
			);
			runOnlyForDeploymentPostprocessing = 0;
		};
/* End PBXFrameworksBuildPhase section */

/* Begin PBXGroup section */
		49DFAD672A22277600240096 /* AppFiles */ = {
			isa = PBXGroup;
			children = (
				49ED959A29770DA800C968F5 /* AppDelegate.swift */,
				49ED959C29770DA900C968F5 /* SceneDelegate.swift */,
				49ED95A829770DAA00C968F5 /* LaunchScreen.storyboard */,
			);
			path = AppFiles;
			sourceTree = "<group>";
		};
		49ED958E29770DA800C968F5 = {
			isa = PBXGroup;
			children = (
				49ED959929770DA800C968F5 /* CoreDataProject */,
				49ED959829770DA800C968F5 /* Products */,
			);
			sourceTree = "<group>";
		};
		49ED959829770DA800C968F5 /* Products */ = {
			isa = PBXGroup;
			children = (
				49ED959729770DA800C968F5 /* CoreDataProject.app */,
			);
			name = Products;
			sourceTree = "<group>";
		};
		49ED959929770DA800C968F5 /* CoreDataProject */ = {
			isa = PBXGroup;
			children = (
				49DFAD672A22277600240096 /* AppFiles */,
				49ED95B529770DF000C968F5 /* CoreDataModel */,
				49ED95B629770EB200C968F5 /* ListScene */,
				49ED95A629770DAA00C968F5 /* Assets.xcassets */,
				49ED95AB29770DAA00C968F5 /* Info.plist */,
				49ED95A329770DA900C968F5 /* CoreDataProject.xcdatamodeld */,
			);
			path = CoreDataProject;
			sourceTree = "<group>";
		};
		49ED95B529770DF000C968F5 /* CoreDataModel */ = {
			isa = PBXGroup;
			children = (
				4947B02B297A99F400A85A9C /* Family+CoreDataClass.swift */,
				4947B02C297A99F400A85A9C /* Family+CoreDataProperties.swift */,
				4947B02D297A99F400A85A9C /* Person+CoreDataClass.swift */,
				4947B02E297A99F400A85A9C /* Person+CoreDataProperties.swift */,
			);
			path = CoreDataModel;
			sourceTree = "<group>";
		};
		49ED95B629770EB200C968F5 /* ListScene */ = {
			isa = PBXGroup;
			children = (
				49ED95B829770EC000C968F5 /* View */,
				49ED95B729770EB700C968F5 /* Controller */,
			);
			path = ListScene;
			sourceTree = "<group>";
		};
		49ED95B729770EB700C968F5 /* Controller */ = {
			isa = PBXGroup;
			children = (
				49ED95BC29770F4400C968F5 /* ListTableViewController.swift */,
			);
			path = Controller;
			sourceTree = "<group>";
		};
		49ED95B829770EC000C968F5 /* View */ = {
			isa = PBXGroup;
			children = (
				49ED95BA29770EE200C968F5 /* ListTableViewCell.swift */,
				49ED95A029770DA900C968F5 /* Main.storyboard */,
			);
			path = View;
			sourceTree = "<group>";
		};
/* End PBXGroup section */

/* Begin PBXNativeTarget section */
		49ED959629770DA800C968F5 /* CoreDataProject */ = {
			isa = PBXNativeTarget;
			buildConfigurationList = 49ED95AE29770DAA00C968F5 /* Build configuration list for PBXNativeTarget "CoreDataProject" */;
			buildPhases = (
				49ED959329770DA800C968F5 /* Sources */,
				49ED959429770DA800C968F5 /* Frameworks */,
				49ED959529770DA800C968F5 /* Resources */,
			);
			buildRules = (
			);
			dependencies = (
			);
			name = CoreDataProject;
			productName = CoreDataProject;
			productReference = 49ED959729770DA800C968F5 /* CoreDataProject.app */;
			productType = "com.apple.product-type.application";
		};
/* End PBXNativeTarget section */

/* Begin PBXProject section */
		49ED958F29770DA800C968F5 /* Project object */ = {
			isa = PBXProject;
			attributes = {
				BuildIndependentTargetsInParallel = 1;
				LastSwiftUpdateCheck = 1420;
				LastUpgradeCheck = 1420;
				TargetAttributes = {
					49ED959629770DA800C968F5 = {
						CreatedOnToolsVersion = 14.2;
					};
				};
			};
			buildConfigurationList = 49ED959229770DA800C968F5 /* Build configuration list for PBXProject "CoreDataProject" */;
			compatibilityVersion = "Xcode 14.0";
			developmentRegion = en;
			hasScannedForEncodings = 0;
			knownRegions = (
				en,
				Base,
			);
			mainGroup = 49ED958E29770DA800C968F5;
			productRefGroup = 49ED959829770DA800C968F5 /* Products */;
			projectDirPath = "";
			projectRoot = "";
			targets = (
				49ED959629770DA800C968F5 /* CoreDataProject */,
			);
		};
/* End PBXProject section */

/* Begin PBXResourcesBuildPhase section */
		49ED959529770DA800C968F5 /* Resources */ = {
			isa = PBXResourcesBuildPhase;
			buildActionMask = 2147483647;
			files = (
				49ED95AA29770DAA00C968F5 /* LaunchScreen.storyboard in Resources */,
				49ED95A729770DAA00C968F5 /* Assets.xcassets in Resources */,
				49ED95A229770DA900C968F5 /* Main.storyboard in Resources */,
			);
			runOnlyForDeploymentPostprocessing = 0;
		};
/* End PBXResourcesBuildPhase section */

/* Begin PBXSourcesBuildPhase section */
		49ED959329770DA800C968F5 /* Sources */ = {
			isa = PBXSourcesBuildPhase;
			buildActionMask = 2147483647;
			files = (
				4947B031297A99F400A85A9C /* Person+CoreDataClass.swift in Sources */,
				49ED95BB29770EE200C968F5 /* ListTableViewCell.swift in Sources */,
				4947B032297A99F400A85A9C /* Person+CoreDataProperties.swift in Sources */,
				4947B030297A99F400A85A9C /* Family+CoreDataProperties.swift in Sources */,
				4947B02F297A99F400A85A9C /* Family+CoreDataClass.swift in Sources */,
				49ED959B29770DA800C968F5 /* AppDelegate.swift in Sources */,
				49ED95A529770DA900C968F5 /* CoreDataProject.xcdatamodeld in Sources */,
				49ED959D29770DA900C968F5 /* SceneDelegate.swift in Sources */,
				49ED95BD29770F4400C968F5 /* ListTableViewController.swift in Sources */,
			);
			runOnlyForDeploymentPostprocessing = 0;
		};
/* End PBXSourcesBuildPhase section */

/* Begin PBXVariantGroup section */
		49ED95A029770DA900C968F5 /* Main.storyboard */ = {
			isa = PBXVariantGroup;
			children = (
				49ED95A129770DA900C968F5 /* Base */,
			);
			name = Main.storyboard;
			sourceTree = "<group>";
		};
		49ED95A829770DAA00C968F5 /* LaunchScreen.storyboard */ = {
			isa = PBXVariantGroup;
			children = (
				49ED95A929770DAA00C968F5 /* Base */,
			);
			name = LaunchScreen.storyboard;
			sourceTree = "<group>";
		};
/* End PBXVariantGroup section */

/* Begin XCBuildConfiguration section */
		49ED95AC29770DAA00C968F5 /* Debug */ = {
			isa = XCBuildConfiguration;
			buildSettings = {
				ALWAYS_SEARCH_USER_PATHS = NO;
				CLANG_ANALYZER_NONNULL = YES;
				CLANG_ANALYZER_NUMBER_OBJECT_CONVERSION = YES_AGGRESSIVE;
				CLANG_CXX_LANGUAGE_STANDARD = "gnu++20";
				CLANG_ENABLE_MODULES = YES;
				CLANG_ENABLE_OBJC_ARC = YES;
				CLANG_ENABLE_OBJC_WEAK = YES;
				CLANG_WARN_BLOCK_CAPTURE_AUTORELEASING = YES;
				CLANG_WARN_BOOL_CONVERSION = YES;
				CLANG_WARN_COMMA = YES;
				CLANG_WARN_CONSTANT_CONVERSION = YES;
				CLANG_WARN_DEPRECATED_OBJC_IMPLEMENTATIONS = YES;
				CLANG_WARN_DIRECT_OBJC_ISA_USAGE = YES_ERROR;
				CLANG_WARN_DOCUMENTATION_COMMENTS = YES;
				CLANG_WARN_EMPTY_BODY = YES;
				CLANG_WARN_ENUM_CONVERSION = YES;
				CLANG_WARN_INFINITE_RECURSION = YES;
				CLANG_WARN_INT_CONVERSION = YES;
				CLANG_WARN_NON_LITERAL_NULL_CONVERSION = YES;
				CLANG_WARN_OBJC_IMPLICIT_RETAIN_SELF = YES;
				CLANG_WARN_OBJC_LITERAL_CONVERSION = YES;
				CLANG_WARN_OBJC_ROOT_CLASS = YES_ERROR;
				CLANG_WARN_QUOTED_INCLUDE_IN_FRAMEWORK_HEADER = YES;
				CLANG_WARN_RANGE_LOOP_ANALYSIS = YES;
				CLANG_WARN_STRICT_PROTOTYPES = YES;
				CLANG_WARN_SUSPICIOUS_MOVE = YES;
				CLANG_WARN_UNGUARDED_AVAILABILITY = YES_AGGRESSIVE;
				CLANG_WARN_UNREACHABLE_CODE = YES;
				CLANG_WARN__DUPLICATE_METHOD_MATCH = YES;
				COPY_PHASE_STRIP = NO;
				DEBUG_INFORMATION_FORMAT = dwarf;
				ENABLE_STRICT_OBJC_MSGSEND = YES;
				ENABLE_TESTABILITY = YES;
				GCC_C_LANGUAGE_STANDARD = gnu11;
				GCC_DYNAMIC_NO_PIC = NO;
				GCC_NO_COMMON_BLOCKS = YES;
				GCC_OPTIMIZATION_LEVEL = 0;
				GCC_PREPROCESSOR_DEFINITIONS = (
					"DEBUG=1",
					"$(inherited)",
				);
				GCC_WARN_64_TO_32_BIT_CONVERSION = YES;
				GCC_WARN_ABOUT_RETURN_TYPE = YES_ERROR;
				GCC_WARN_UNDECLARED_SELECTOR = YES;
				GCC_WARN_UNINITIALIZED_AUTOS = YES_AGGRESSIVE;
				GCC_WARN_UNUSED_FUNCTION = YES;
				GCC_WARN_UNUSED_VARIABLE = YES;
				IPHONEOS_DEPLOYMENT_TARGET = 16.2;
				MTL_ENABLE_DEBUG_INFO = INCLUDE_SOURCE;
				MTL_FAST_MATH = YES;
				ONLY_ACTIVE_ARCH = YES;
				SDKROOT = iphoneos;
				SWIFT_ACTIVE_COMPILATION_CONDITIONS = DEBUG;
				SWIFT_OPTIMIZATION_LEVEL = "-Onone";
			};
			name = Debug;
		};
		49ED95AD29770DAA00C968F5 /* Release */ = {
			isa = XCBuildConfiguration;
			buildSettings = {
				ALWAYS_SEARCH_USER_PATHS = NO;
				CLANG_ANALYZER_NONNULL = YES;
				CLANG_ANALYZER_NUMBER_OBJECT_CONVERSION = YES_AGGRESSIVE;
				CLANG_CXX_LANGUAGE_STANDARD = "gnu++20";
				CLANG_ENABLE_MODULES = YES;
				CLANG_ENABLE_OBJC_ARC = YES;
				CLANG_ENABLE_OBJC_WEAK = YES;
				CLANG_WARN_BLOCK_CAPTURE_AUTORELEASING = YES;
				CLANG_WARN_BOOL_CONVERSION = YES;
				CLANG_WARN_COMMA = YES;
				CLANG_WARN_CONSTANT_CONVERSION = YES;
				CLANG_WARN_DEPRECATED_OBJC_IMPLEMENTATIONS = YES;
				CLANG_WARN_DIRECT_OBJC_ISA_USAGE = YES_ERROR;
				CLANG_WARN_DOCUMENTATION_COMMENTS = YES;
				CLANG_WARN_EMPTY_BODY = YES;
				CLANG_WARN_ENUM_CONVERSION = YES;
				CLANG_WARN_INFINITE_RECURSION = YES;
				CLANG_WARN_INT_CONVERSION = YES;
				CLANG_WARN_NON_LITERAL_NULL_CONVERSION = YES;
				CLANG_WARN_OBJC_IMPLICIT_RETAIN_SELF = YES;
				CLANG_WARN_OBJC_LITERAL_CONVERSION = YES;
				CLANG_WARN_OBJC_ROOT_CLASS = YES_ERROR;
				CLANG_WARN_QUOTED_INCLUDE_IN_FRAMEWORK_HEADER = YES;
				CLANG_WARN_RANGE_LOOP_ANALYSIS = YES;
				CLANG_WARN_STRICT_PROTOTYPES = YES;
				CLANG_WARN_SUSPICIOUS_MOVE = YES;
				CLANG_WARN_UNGUARDED_AVAILABILITY = YES_AGGRESSIVE;
				CLANG_WARN_UNREACHABLE_CODE = YES;
				CLANG_WARN__DUPLICATE_METHOD_MATCH = YES;
				COPY_PHASE_STRIP = NO;
				DEBUG_INFORMATION_FORMAT = "dwarf-with-dsym";
				ENABLE_NS_ASSERTIONS = NO;
				ENABLE_STRICT_OBJC_MSGSEND = YES;
				GCC_C_LANGUAGE_STANDARD = gnu11;
				GCC_NO_COMMON_BLOCKS = YES;
				GCC_WARN_64_TO_32_BIT_CONVERSION = YES;
				GCC_WARN_ABOUT_RETURN_TYPE = YES_ERROR;
				GCC_WARN_UNDECLARED_SELECTOR = YES;
				GCC_WARN_UNINITIALIZED_AUTOS = YES_AGGRESSIVE;
				GCC_WARN_UNUSED_FUNCTION = YES;
				GCC_WARN_UNUSED_VARIABLE = YES;
				IPHONEOS_DEPLOYMENT_TARGET = 16.2;
				MTL_ENABLE_DEBUG_INFO = NO;
				MTL_FAST_MATH = YES;
				SDKROOT = iphoneos;
				SWIFT_COMPILATION_MODE = wholemodule;
				SWIFT_OPTIMIZATION_LEVEL = "-O";
				VALIDATE_PRODUCT = YES;
			};
			name = Release;
		};
		49ED95AF29770DAA00C968F5 /* Debug */ = {
			isa = XCBuildConfiguration;
			buildSettings = {
				ASSETCATALOG_COMPILER_APPICON_NAME = AppIcon;
				ASSETCATALOG_COMPILER_GLOBAL_ACCENT_COLOR_NAME = AccentColor;
				CODE_SIGN_STYLE = Automatic;
				CURRENT_PROJECT_VERSION = 1;
				GENERATE_INFOPLIST_FILE = YES;
				INFOPLIST_FILE = CoreDataProject/Info.plist;
				INFOPLIST_KEY_UIApplicationSupportsIndirectInputEvents = YES;
				INFOPLIST_KEY_UILaunchStoryboardName = LaunchScreen;
				INFOPLIST_KEY_UIMainStoryboardFile = Main;
				INFOPLIST_KEY_UISupportedInterfaceOrientations_iPad = "UIInterfaceOrientationPortrait UIInterfaceOrientationPortraitUpsideDown UIInterfaceOrientationLandscapeLeft UIInterfaceOrientationLandscapeRight";
				INFOPLIST_KEY_UISupportedInterfaceOrientations_iPhone = "UIInterfaceOrientationPortrait UIInterfaceOrientationLandscapeLeft UIInterfaceOrientationLandscapeRight";
				LD_RUNPATH_SEARCH_PATHS = (
					"$(inherited)",
					"@executable_path/Frameworks",
				);
				MARKETING_VERSION = 1.0;
				PRODUCT_BUNDLE_IDENTIFIER = alexanderChervoncev.CoreDataProject;
				PRODUCT_NAME = "$(TARGET_NAME)";
				SWIFT_EMIT_LOC_STRINGS = YES;
				SWIFT_VERSION = 5.0;
				TARGETED_DEVICE_FAMILY = "1,2";
			};
			name = Debug;
		};
		49ED95B029770DAA00C968F5 /* Release */ = {
			isa = XCBuildConfiguration;
			buildSettings = {
				ASSETCATALOG_COMPILER_APPICON_NAME = AppIcon;
				ASSETCATALOG_COMPILER_GLOBAL_ACCENT_COLOR_NAME = AccentColor;
				CODE_SIGN_STYLE = Automatic;
				CURRENT_PROJECT_VERSION = 1;
				GENERATE_INFOPLIST_FILE = YES;
				INFOPLIST_FILE = CoreDataProject/Info.plist;
				INFOPLIST_KEY_UIApplicationSupportsIndirectInputEvents = YES;
				INFOPLIST_KEY_UILaunchStoryboardName = LaunchScreen;
				INFOPLIST_KEY_UIMainStoryboardFile = Main;
				INFOPLIST_KEY_UISupportedInterfaceOrientations_iPad = "UIInterfaceOrientationPortrait UIInterfaceOrientationPortraitUpsideDown UIInterfaceOrientationLandscapeLeft UIInterfaceOrientationLandscapeRight";
				INFOPLIST_KEY_UISupportedInterfaceOrientations_iPhone = "UIInterfaceOrientationPortrait UIInterfaceOrientationLandscapeLeft UIInterfaceOrientationLandscapeRight";
				LD_RUNPATH_SEARCH_PATHS = (
					"$(inherited)",
					"@executable_path/Frameworks",
				);
				MARKETING_VERSION = 1.0;
				PRODUCT_BUNDLE_IDENTIFIER = alexanderChervoncev.CoreDataProject;
				PRODUCT_NAME = "$(TARGET_NAME)";
				SWIFT_EMIT_LOC_STRINGS = YES;
				SWIFT_VERSION = 5.0;
				TARGETED_DEVICE_FAMILY = "1,2";
			};
			name = Release;
		};
/* End XCBuildConfiguration section */

/* Begin XCConfigurationList section */
		49ED959229770DA800C968F5 /* Build configuration list for PBXProject "CoreDataProject" */ = {
			isa = XCConfigurationList;
			buildConfigurations = (
				49ED95AC29770DAA00C968F5 /* Debug */,
				49ED95AD29770DAA00C968F5 /* Release */,
			);
			defaultConfigurationIsVisible = 0;
			defaultConfigurationName = Release;
		};
		49ED95AE29770DAA00C968F5 /* Build configuration list for PBXNativeTarget "CoreDataProject" */ = {
			isa = XCConfigurationList;
			buildConfigurations = (
				49ED95AF29770DAA00C968F5 /* Debug */,
				49ED95B029770DAA00C968F5 /* Release */,
			);
			defaultConfigurationIsVisible = 0;
			defaultConfigurationName = Release;
		};
/* End XCConfigurationList section */

/* Begin XCVersionGroup section */
		49ED95A329770DA900C968F5 /* CoreDataProject.xcdatamodeld */ = {
			isa = XCVersionGroup;
			children = (
				49ED95A429770DA900C968F5 /* CoreDataProject.xcdatamodel */,
			);
			currentVersion = 49ED95A429770DA900C968F5 /* CoreDataProject.xcdatamodel */;
			path = CoreDataProject.xcdatamodeld;
			sourceTree = "<group>";
			versionGroupType = wrapper.xcdatamodel;
		};
/* End XCVersionGroup section */
	};
	rootObject = 49ED958F29770DA800C968F5 /* Project object */;
}
